// !$*UTF8*$!
{
	archiveVersion = 1;
	classes = {
	};
	objectVersion = 50;
	objects = {

/* Begin PBXBuildFile section */
		754D128624C0C44200136B4D /* AppDelegate.swift in Sources */ = {isa = PBXBuildFile; fileRef = 754D128524C0C44200136B4D /* AppDelegate.swift */; };
		754D128824C0C44200136B4D /* SceneDelegate.swift in Sources */ = {isa = PBXBuildFile; fileRef = 754D128724C0C44200136B4D /* SceneDelegate.swift */; };
		754D128A24C0C44200136B4D /* ViewController.swift in Sources */ = {isa = PBXBuildFile; fileRef = 754D128924C0C44200136B4D /* ViewController.swift */; };
		754D128D24C0C44200136B4D /* Main.storyboard in Resources */ = {isa = PBXBuildFile; fileRef = 754D128B24C0C44200136B4D /* Main.storyboard */; };
		754D129024C0C44200136B4D /* Movie_Browser.xcdatamodeld in Sources */ = {isa = PBXBuildFile; fileRef = 754D128E24C0C44200136B4D /* Movie_Browser.xcdatamodeld */; };
		754D129224C0C44400136B4D /* Assets.xcassets in Resources */ = {isa = PBXBuildFile; fileRef = 754D129124C0C44400136B4D /* Assets.xcassets */; };
		754D129524C0C44400136B4D /* LaunchScreen.storyboard in Resources */ = {isa = PBXBuildFile; fileRef = 754D129324C0C44400136B4D /* LaunchScreen.storyboard */; };
		754D12A024C0C44400136B4D /* Movie_BrowserTests.swift in Sources */ = {isa = PBXBuildFile; fileRef = 754D129F24C0C44400136B4D /* Movie_BrowserTests.swift */; };
/* End PBXBuildFile section */

/* Begin PBXContainerItemProxy section */
		754D129C24C0C44400136B4D /* PBXContainerItemProxy */ = {
			isa = PBXContainerItemProxy;
			containerPortal = 754D127A24C0C44200136B4D /* Project object */;
			proxyType = 1;
			remoteGlobalIDString = 754D128124C0C44200136B4D;
			remoteInfo = "Movie Browser";
		};
/* End PBXContainerItemProxy section */

/* Begin PBXFileReference section */
		754D128224C0C44200136B4D /* Movie Browser.app */ = {isa = PBXFileReference; explicitFileType = wrapper.application; includeInIndex = 0; path = "Movie Browser.app"; sourceTree = BUILT_PRODUCTS_DIR; };
		754D128524C0C44200136B4D /* AppDelegate.swift */ = {isa = PBXFileReference; lastKnownFileType = sourcecode.swift; path = AppDelegate.swift; sourceTree = "<group>"; };
		754D128724C0C44200136B4D /* SceneDelegate.swift */ = {isa = PBXFileReference; lastKnownFileType = sourcecode.swift; path = SceneDelegate.swift; sourceTree = "<group>"; };
		754D128924C0C44200136B4D /* ViewController.swift */ = {isa = PBXFileReference; lastKnownFileType = sourcecode.swift; path = ViewController.swift; sourceTree = "<group>"; };
		754D128C24C0C44200136B4D /* Base */ = {isa = PBXFileReference; lastKnownFileType = file.storyboard; name = Base; path = Base.lproj/Main.storyboard; sourceTree = "<group>"; };
		754D128F24C0C44200136B4D /* Movie_Browser.xcdatamodel */ = {isa = PBXFileReference; lastKnownFileType = wrapper.xcdatamodel; path = Movie_Browser.xcdatamodel; sourceTree = "<group>"; };
		754D129124C0C44400136B4D /* Assets.xcassets */ = {isa = PBXFileReference; lastKnownFileType = folder.assetcatalog; path = Assets.xcassets; sourceTree = "<group>"; };
		754D129424C0C44400136B4D /* Base */ = {isa = PBXFileReference; lastKnownFileType = file.storyboard; name = Base; path = Base.lproj/LaunchScreen.storyboard; sourceTree = "<group>"; };
		754D129624C0C44400136B4D /* Info.plist */ = {isa = PBXFileReference; lastKnownFileType = text.plist.xml; path = Info.plist; sourceTree = "<group>"; };
		754D129B24C0C44400136B4D /* Movie BrowserTests.xctest */ = {isa = PBXFileReference; explicitFileType = wrapper.cfbundle; includeInIndex = 0; path = "Movie BrowserTests.xctest"; sourceTree = BUILT_PRODUCTS_DIR; };
		754D129F24C0C44400136B4D /* Movie_BrowserTests.swift */ = {isa = PBXFileReference; lastKnownFileType = sourcecode.swift; path = Movie_BrowserTests.swift; sourceTree = "<group>"; };
		754D12A124C0C44400136B4D /* Info.plist */ = {isa = PBXFileReference; lastKnownFileType = text.plist.xml; path = Info.plist; sourceTree = "<group>"; };
/* End PBXFileReference section */

/* Begin PBXFrameworksBuildPhase section */
		754D127F24C0C44200136B4D /* Frameworks */ = {
			isa = PBXFrameworksBuildPhase;
			buildActionMask = 2147483647;
			files = (
			);
			runOnlyForDeploymentPostprocessing = 0;
		};
		754D129824C0C44400136B4D /* Frameworks */ = {
			isa = PBXFrameworksBuildPhase;
			buildActionMask = 2147483647;
			files = (
			);
			runOnlyForDeploymentPostprocessing = 0;
		};
/* End PBXFrameworksBuildPhase section */

/* Begin PBXGroup section */
		754D127924C0C44200136B4D = {
			isa = PBXGroup;
			children = (
				754D128424C0C44200136B4D /* Movie Browser */,
				754D129E24C0C44400136B4D /* Movie BrowserTests */,
				754D128324C0C44200136B4D /* Products */,
			);
			sourceTree = "<group>";
		};
		754D128324C0C44200136B4D /* Products */ = {
			isa = PBXGroup;
			children = (
				754D128224C0C44200136B4D /* Movie Browser.app */,
				754D129B24C0C44400136B4D /* Movie BrowserTests.xctest */,
			);
			name = Products;
			sourceTree = "<group>";
		};
		754D128424C0C44200136B4D /* Movie Browser */ = {
			isa = PBXGroup;
			children = (
				754D128524C0C44200136B4D /* AppDelegate.swift */,
				754D128724C0C44200136B4D /* SceneDelegate.swift */,
				754D128924C0C44200136B4D /* ViewController.swift */,
				754D128B24C0C44200136B4D /* Main.storyboard */,
				754D129124C0C44400136B4D /* Assets.xcassets */,
				754D129324C0C44400136B4D /* LaunchScreen.storyboard */,
				754D129624C0C44400136B4D /* Info.plist */,
				754D128E24C0C44200136B4D /* Movie_Browser.xcdatamodeld */,
			);
			path = "Movie Browser";
			sourceTree = "<group>";
		};
		754D129E24C0C44400136B4D /* Movie BrowserTests */ = {
			isa = PBXGroup;
			children = (
				754D129F24C0C44400136B4D /* Movie_BrowserTests.swift */,
				754D12A124C0C44400136B4D /* Info.plist */,
			);
			path = "Movie BrowserTests";
			sourceTree = "<group>";
		};
/* End PBXGroup section */

/* Begin PBXNativeTarget section */
		754D128124C0C44200136B4D /* Movie Browser */ = {
			isa = PBXNativeTarget;
			buildConfigurationList = 754D12A424C0C44400136B4D /* Build configuration list for PBXNativeTarget "Movie Browser" */;
			buildPhases = (
				754D127E24C0C44200136B4D /* Sources */,
				754D127F24C0C44200136B4D /* Frameworks */,
				754D128024C0C44200136B4D /* Resources */,
			);
			buildRules = (
			);
			dependencies = (
			);
			name = "Movie Browser";
			productName = "Movie Browser";
			productReference = 754D128224C0C44200136B4D /* Movie Browser.app */;
			productType = "com.apple.product-type.application";
		};
		754D129A24C0C44400136B4D /* Movie BrowserTests */ = {
			isa = PBXNativeTarget;
			buildConfigurationList = 754D12A724C0C44400136B4D /* Build configuration list for PBXNativeTarget "Movie BrowserTests" */;
			buildPhases = (
				754D129724C0C44400136B4D /* Sources */,
				754D129824C0C44400136B4D /* Frameworks */,
				754D129924C0C44400136B4D /* Resources */,
			);
			buildRules = (
			);
			dependencies = (
				754D129D24C0C44400136B4D /* PBXTargetDependency */,
			);
			name = "Movie BrowserTests";
			productName = "Movie BrowserTests";
			productReference = 754D129B24C0C44400136B4D /* Movie BrowserTests.xctest */;
			productType = "com.apple.product-type.bundle.unit-test";
		};
/* End PBXNativeTarget section */

/* Begin PBXProject section */
		754D127A24C0C44200136B4D /* Project object */ = {
			isa = PBXProject;
			attributes = {
				LastSwiftUpdateCheck = 1130;
				LastUpgradeCheck = 1130;
				ORGANIZATIONNAME = "Ashutosh Roy";
				TargetAttributes = {
					754D128124C0C44200136B4D = {
						CreatedOnToolsVersion = 11.3.1;
					};
					754D129A24C0C44400136B4D = {
						CreatedOnToolsVersion = 11.3.1;
						TestTargetID = 754D128124C0C44200136B4D;
					};
				};
			};
			buildConfigurationList = 754D127D24C0C44200136B4D /* Build configuration list for PBXProject "Movie Browser" */;
			compatibilityVersion = "Xcode 9.3";
			developmentRegion = en;
			hasScannedForEncodings = 0;
			knownRegions = (
				en,
				Base,
			);
			mainGroup = 754D127924C0C44200136B4D;
			productRefGroup = 754D128324C0C44200136B4D /* Products */;
			projectDirPath = "";
			projectRoot = "";
			targets = (
				754D128124C0C44200136B4D /* Movie Browser */,
				754D129A24C0C44400136B4D /* Movie BrowserTests */,
			);
		};
/* End PBXProject section */

/* Begin PBXResourcesBuildPhase section */
		754D128024C0C44200136B4D /* Resources */ = {
			isa = PBXResourcesBuildPhase;
			buildActionMask = 2147483647;
			files = (
				754D129524C0C44400136B4D /* LaunchScreen.storyboard in Resources */,
				754D129224C0C44400136B4D /* Assets.xcassets in Resources */,
				754D128D24C0C44200136B4D /* Main.storyboard in Resources */,
			);
			runOnlyForDeploymentPostprocessing = 0;
		};
		754D129924C0C44400136B4D /* Resources */ = {
			isa = PBXResourcesBuildPhase;
			buildActionMask = 2147483647;
			files = (
			);
			runOnlyForDeploymentPostprocessing = 0;
		};
/* End PBXResourcesBuildPhase section */

/* Begin PBXSourcesBuildPhase section */
		754D127E24C0C44200136B4D /* Sources */ = {
			isa = PBXSourcesBuildPhase;
			buildActionMask = 2147483647;
			files = (
				754D128A24C0C44200136B4D /* ViewController.swift in Sources */,
				754D129024C0C44200136B4D /* Movie_Browser.xcdatamodeld in Sources */,
				754D128624C0C44200136B4D /* AppDelegate.swift in Sources */,
				754D128824C0C44200136B4D /* SceneDelegate.swift in Sources */,
			);
			runOnlyForDeploymentPostprocessing = 0;
		};
		754D129724C0C44400136B4D /* Sources */ = {
			isa = PBXSourcesBuildPhase;
			buildActionMask = 2147483647;
			files = (
				754D12A024C0C44400136B4D /* Movie_BrowserTests.swift in Sources */,
			);
			runOnlyForDeploymentPostprocessing = 0;
		};
/* End PBXSourcesBuildPhase section */

/* Begin PBXTargetDependency section */
		754D129D24C0C44400136B4D /* PBXTargetDependency */ = {
			isa = PBXTargetDependency;
			target = 754D128124C0C44200136B4D /* Movie Browser */;
			targetProxy = 754D129C24C0C44400136B4D /* PBXContainerItemProxy */;
		};
/* End PBXTargetDependency section */

/* Begin PBXVariantGroup section */
		754D128B24C0C44200136B4D /* Main.storyboard */ = {
			isa = PBXVariantGroup;
			children = (
				754D128C24C0C44200136B4D /* Base */,
			);
			name = Main.storyboard;
			sourceTree = "<group>";
		};
		754D129324C0C44400136B4D /* LaunchScreen.storyboard */ = {
			isa = PBXVariantGroup;
			children = (
				754D129424C0C44400136B4D /* Base */,
			);
			name = LaunchScreen.storyboard;
			sourceTree = "<group>";
		};
/* End PBXVariantGroup section */

/* Begin XCBuildConfiguration section */
		754D12A224C0C44400136B4D /* Debug */ = {
			isa = XCBuildConfiguration;
			buildSettings = {
				ALWAYS_SEARCH_USER_PATHS = NO;
				CLANG_ANALYZER_NONNULL = YES;
				CLANG_ANALYZER_NUMBER_OBJECT_CONVERSION = YES_AGGRESSIVE;
				CLANG_CXX_LANGUAGE_STANDARD = "gnu++14";
				CLANG_CXX_LIBRARY = "libc++";
				CLANG_ENABLE_MODULES = YES;
				CLANG_ENABLE_OBJC_ARC = YES;
				CLANG_ENABLE_OBJC_WEAK = YES;
				CLANG_WARN_BLOCK_CAPTURE_AUTORELEASING = YES;
				CLANG_WARN_BOOL_CONVERSION = YES;
				CLANG_WARN_COMMA = YES;
				CLANG_WARN_CONSTANT_CONVERSION = YES;
				CLANG_WARN_DEPRECATED_OBJC_IMPLEMENTATIONS = YES;
				CLANG_WARN_DIRECT_OBJC_ISA_USAGE = YES_ERROR;
				CLANG_WARN_DOCUMENTATION_COMMENTS = YES;
				CLANG_WARN_EMPTY_BODY = YES;
				CLANG_WARN_ENUM_CONVERSION = YES;
				CLANG_WARN_INFINITE_RECURSION = YES;
				CLANG_WARN_INT_CONVERSION = YES;
				CLANG_WARN_NON_LITERAL_NULL_CONVERSION = YES;
				CLANG_WARN_OBJC_IMPLICIT_RETAIN_SELF = YES;
				CLANG_WARN_OBJC_LITERAL_CONVERSION = YES;
				CLANG_WARN_OBJC_ROOT_CLASS = YES_ERROR;
				CLANG_WARN_RANGE_LOOP_ANALYSIS = YES;
				CLANG_WARN_STRICT_PROTOTYPES = YES;
				CLANG_WARN_SUSPICIOUS_MOVE = YES;
				CLANG_WARN_UNGUARDED_AVAILABILITY = YES_AGGRESSIVE;
				CLANG_WARN_UNREACHABLE_CODE = YES;
				CLANG_WARN__DUPLICATE_METHOD_MATCH = YES;
				COPY_PHASE_STRIP = NO;
				DEBUG_INFORMATION_FORMAT = dwarf;
				ENABLE_STRICT_OBJC_MSGSEND = YES;
				ENABLE_TESTABILITY = YES;
				GCC_C_LANGUAGE_STANDARD = gnu11;
				GCC_DYNAMIC_NO_PIC = NO;
				GCC_NO_COMMON_BLOCKS = YES;
				GCC_OPTIMIZATION_LEVEL = 0;
				GCC_PREPROCESSOR_DEFINITIONS = (
					"DEBUG=1",
					"$(inherited)",
				);
				GCC_WARN_64_TO_32_BIT_CONVERSION = YES;
				GCC_WARN_ABOUT_RETURN_TYPE = YES_ERROR;
				GCC_WARN_UNDECLARED_SELECTOR = YES;
				GCC_WARN_UNINITIALIZED_AUTOS = YES_AGGRESSIVE;
				GCC_WARN_UNUSED_FUNCTION = YES;
				GCC_WARN_UNUSED_VARIABLE = YES;
				IPHONEOS_DEPLOYMENT_TARGET = 13.2;
				MTL_ENABLE_DEBUG_INFO = INCLUDE_SOURCE;
				MTL_FAST_MATH = YES;
				ONLY_ACTIVE_ARCH = YES;
				SDKROOT = iphoneos;
				SWIFT_ACTIVE_COMPILATION_CONDITIONS = DEBUG;
				SWIFT_OPTIMIZATION_LEVEL = "-Onone";
			};
			name = Debug;
		};
		754D12A324C0C44400136B4D /* Release */ = {
			isa = XCBuildConfiguration;
			buildSettings = {
				ALWAYS_SEARCH_USER_PATHS = NO;
				CLANG_ANALYZER_NONNULL = YES;
				CLANG_ANALYZER_NUMBER_OBJECT_CONVERSION = YES_AGGRESSIVE;
				CLANG_CXX_LANGUAGE_STANDARD = "gnu++14";
				CLANG_CXX_LIBRARY = "libc++";
				CLANG_ENABLE_MODULES = YES;
				CLANG_ENABLE_OBJC_ARC = YES;
				CLANG_ENABLE_OBJC_WEAK = YES;
				CLANG_WARN_BLOCK_CAPTURE_AUTORELEASING = YES;
				CLANG_WARN_BOOL_CONVERSION = YES;
				CLANG_WARN_COMMA = YES;
				CLANG_WARN_CONSTANT_CONVERSION = YES;
				CLANG_WARN_DEPRECATED_OBJC_IMPLEMENTATIONS = YES;
				CLANG_WARN_DIRECT_OBJC_ISA_USAGE = YES_ERROR;
				CLANG_WARN_DOCUMENTATION_COMMENTS = YES;
				CLANG_WARN_EMPTY_BODY = YES;
				CLANG_WARN_ENUM_CONVERSION = YES;
				CLANG_WARN_INFINITE_RECURSION = YES;
				CLANG_WARN_INT_CONVERSION = YES;
				CLANG_WARN_NON_LITERAL_NULL_CONVERSION = YES;
				CLANG_WARN_OBJC_IMPLICIT_RETAIN_SELF = YES;
				CLANG_WARN_OBJC_LITERAL_CONVERSION = YES;
				CLANG_WARN_OBJC_ROOT_CLASS = YES_ERROR;
				CLANG_WARN_RANGE_LOOP_ANALYSIS = YES;
				CLANG_WARN_STRICT_PROTOTYPES = YES;
				CLANG_WARN_SUSPICIOUS_MOVE = YES;
				CLANG_WARN_UNGUARDED_AVAILABILITY = YES_AGGRESSIVE;
				CLANG_WARN_UNREACHABLE_CODE = YES;
				CLANG_WARN__DUPLICATE_METHOD_MATCH = YES;
				COPY_PHASE_STRIP = NO;
				DEBUG_INFORMATION_FORMAT = "dwarf-with-dsym";
				ENABLE_NS_ASSERTIONS = NO;
				ENABLE_STRICT_OBJC_MSGSEND = YES;
				GCC_C_LANGUAGE_STANDARD = gnu11;
				GCC_NO_COMMON_BLOCKS = YES;
				GCC_WARN_64_TO_32_BIT_CONVERSION = YES;
				GCC_WARN_ABOUT_RETURN_TYPE = YES_ERROR;
				GCC_WARN_UNDECLARED_SELECTOR = YES;
				GCC_WARN_UNINITIALIZED_AUTOS = YES_AGGRESSIVE;
				GCC_WARN_UNUSED_FUNCTION = YES;
				GCC_WARN_UNUSED_VARIABLE = YES;
				IPHONEOS_DEPLOYMENT_TARGET = 13.2;
				MTL_ENABLE_DEBUG_INFO = NO;
				MTL_FAST_MATH = YES;
				SDKROOT = iphoneos;
				SWIFT_COMPILATION_MODE = wholemodule;
				SWIFT_OPTIMIZATION_LEVEL = "-O";
				VALIDATE_PRODUCT = YES;
			};
			name = Release;
		};
		754D12A524C0C44400136B4D /* Debug */ = {
			isa = XCBuildConfiguration;
			buildSettings = {
				ASSETCATALOG_COMPILER_APPICON_NAME = AppIcon;
				CODE_SIGN_STYLE = Automatic;
				INFOPLIST_FILE = "Movie Browser/Info.plist";
				LD_RUNPATH_SEARCH_PATHS = (
					"$(inherited)",
					"@executable_path/Frameworks",
				);
				PRODUCT_BUNDLE_IDENTIFIER = "ashutosh.Movie-Browser";
				PRODUCT_NAME = "$(TARGET_NAME)";
				SWIFT_VERSION = 5.0;
				TARGETED_DEVICE_FAMILY = "1,2";
			};
			name = Debug;
		};
		754D12A624C0C44400136B4D /* Release */ = {
			isa = XCBuildConfiguration;
			buildSettings = {
				ASSETCATALOG_COMPILER_APPICON_NAME = AppIcon;
				CODE_SIGN_STYLE = Automatic;
				INFOPLIST_FILE = "Movie Browser/Info.plist";
				LD_RUNPATH_SEARCH_PATHS = (
					"$(inherited)",
					"@executable_path/Frameworks",
				);
				PRODUCT_BUNDLE_IDENTIFIER = "ashutosh.Movie-Browser";
				PRODUCT_NAME = "$(TARGET_NAME)";
				SWIFT_VERSION = 5.0;
				TARGETED_DEVICE_FAMILY = "1,2";
			};
			name = Release;
		};
		754D12A824C0C44400136B4D /* Debug */ = {
			isa = XCBuildConfiguration;
			buildSettings = {
				ALWAYS_EMBED_SWIFT_STANDARD_LIBRARIES = YES;
				BUNDLE_LOADER = "$(TEST_HOST)";
				CODE_SIGN_STYLE = Automatic;
				INFOPLIST_FILE = "Movie BrowserTests/Info.plist";
				IPHONEOS_DEPLOYMENT_TARGET = 13.2;
				LD_RUNPATH_SEARCH_PATHS = (
					"$(inherited)",
					"@executable_path/Frameworks",
					"@loader_path/Frameworks",
				);
				PRODUCT_BUNDLE_IDENTIFIER = "ashutosh.Movie-BrowserTests";
				PRODUCT_NAME = "$(TARGET_NAME)";
				SWIFT_VERSION = 5.0;
				TARGETED_DEVICE_FAMILY = "1,2";
				TEST_HOST = "$(BUILT_PRODUCTS_DIR)/Movie Browser.app/Movie Browser";
			};
			name = Debug;
		};
		754D12A924C0C44400136B4D /* Release */ = {
			isa = XCBuildConfiguration;
			buildSettings = {
				ALWAYS_EMBED_SWIFT_STANDARD_LIBRARIES = YES;
				BUNDLE_LOADER = "$(TEST_HOST)";
				CODE_SIGN_STYLE = Automatic;
				INFOPLIST_FILE = "Movie BrowserTests/Info.plist";
				IPHONEOS_DEPLOYMENT_TARGET = 13.2;
				LD_RUNPATH_SEARCH_PATHS = (
					"$(inherited)",
					"@executable_path/Frameworks",
					"@loader_path/Frameworks",
				);
				PRODUCT_BUNDLE_IDENTIFIER = "ashutosh.Movie-BrowserTests";
				PRODUCT_NAME = "$(TARGET_NAME)";
				SWIFT_VERSION = 5.0;
				TARGETED_DEVICE_FAMILY = "1,2";
				TEST_HOST = "$(BUILT_PRODUCTS_DIR)/Movie Browser.app/Movie Browser";
			};
			name = Release;
		};
/* End XCBuildConfiguration section */

/* Begin XCConfigurationList section */
		754D127D24C0C44200136B4D /* Build configuration list for PBXProject "Movie Browser" */ = {
			isa = XCConfigurationList;
			buildConfigurations = (
				754D12A224C0C44400136B4D /* Debug */,
				754D12A324C0C44400136B4D /* Release */,
			);
			defaultConfigurationIsVisible = 0;
			defaultConfigurationName = Release;
		};
		754D12A424C0C44400136B4D /* Build configuration list for PBXNativeTarget "Movie Browser" */ = {
			isa = XCConfigurationList;
			buildConfigurations = (
				754D12A524C0C44400136B4D /* Debug */,
				754D12A624C0C44400136B4D /* Release */,
			);
			defaultConfigurationIsVisible = 0;
			defaultConfigurationName = Release;
		};
		754D12A724C0C44400136B4D /* Build configuration list for PBXNativeTarget "Movie BrowserTests" */ = {
			isa = XCConfigurationList;
			buildConfigurations = (
				754D12A824C0C44400136B4D /* Debug */,
				754D12A924C0C44400136B4D /* Release */,
			);
			defaultConfigurationIsVisible = 0;
			defaultConfigurationName = Release;
		};
/* End XCConfigurationList section */

/* Begin XCVersionGroup section */
		754D128E24C0C44200136B4D /* Movie_Browser.xcdatamodeld */ = {
			isa = XCVersionGroup;
			children = (
				754D128F24C0C44200136B4D /* Movie_Browser.xcdatamodel */,
			);
			currentVersion = 754D128F24C0C44200136B4D /* Movie_Browser.xcdatamodel */;
			path = Movie_Browser.xcdatamodeld;
			sourceTree = "<group>";
			versionGroupType = wrapper.xcdatamodel;
		};
/* End XCVersionGroup section */
	};
	rootObject = 754D127A24C0C44200136B4D /* Project object */;
}
